
Microsoft Visual Studio Solution File, Format Version 12.00
# Visual Studio 15
VisualStudioVersion = 15.0.28307.329
MinimumVisualStudioVersion = 10.0.40219.1
Project("{9A19103F-16F7-4668-BE54-9A1E7A4F7556}") = "BoardGames", "BoardGames\BoardGames.csproj", "{07380403-5698-4464-AAE7-06469A2FB0BE}"
EndProject
Project("{9A19103F-16F7-4668-BE54-9A1E7A4F7556}") = "DataAccess", "DataAccess\DataAccess.csproj", "{2BB1E5C8-1AF3-4008-AF12-3AFF7BCB33F5}"
EndProject
Project("{9A19103F-16F7-4668-BE54-9A1E7A4F7556}") = "BusinessAccess", "BusinessAccess\BusinessAccess.csproj", "{12ABAF6D-B04F-433D-878F-F11C7F597006}"
EndProject
Project("{FAE04EC0-301F-11D3-BF4B-00C04F79EFBC}") = "BoardGamesTest", "BoardGamesTest\BoardGamesTest.csproj", "{9CD6A403-F2BE-403E-8EDF-C788DD209523}"
EndProject
Global
	GlobalSection(SolutionConfigurationPlatforms) = preSolution
		Debug|Any CPU = Debug|Any CPU
		Release|Any CPU = Release|Any CPU
	EndGlobalSection
	GlobalSection(ProjectConfigurationPlatforms) = postSolution
		{07380403-5698-4464-AAE7-06469A2FB0BE}.Debug|Any CPU.ActiveCfg = Debug|Any CPU
		{07380403-5698-4464-AAE7-06469A2FB0BE}.Debug|Any CPU.Build.0 = Debug|Any CPU
		{07380403-5698-4464-AAE7-06469A2FB0BE}.Release|Any CPU.ActiveCfg = Release|Any CPU
		{07380403-5698-4464-AAE7-06469A2FB0BE}.Release|Any CPU.Build.0 = Release|Any CPU
		{2BB1E5C8-1AF3-4008-AF12-3AFF7BCB33F5}.Debug|Any CPU.ActiveCfg = Debug|Any CPU
		{2BB1E5C8-1AF3-4008-AF12-3AFF7BCB33F5}.Debug|Any CPU.Build.0 = Debug|Any CPU
		{2BB1E5C8-1AF3-4008-AF12-3AFF7BCB33F5}.Release|Any CPU.ActiveCfg = Release|Any CPU
		{2BB1E5C8-1AF3-4008-AF12-3AFF7BCB33F5}.Release|Any CPU.Build.0 = Release|Any CPU
		{12ABAF6D-B04F-433D-878F-F11C7F597006}.Debug|Any CPU.ActiveCfg = Debug|Any CPU
		{12ABAF6D-B04F-433D-878F-F11C7F597006}.Debug|Any CPU.Build.0 = Debug|Any CPU
		{12ABAF6D-B04F-433D-878F-F11C7F597006}.Release|Any CPU.ActiveCfg = Release|Any CPU
		{12ABAF6D-B04F-433D-878F-F11C7F597006}.Release|Any CPU.Build.0 = Release|Any CPU
		{9CD6A403-F2BE-403E-8EDF-C788DD209523}.Debug|Any CPU.ActiveCfg = Debug|Any CPU
		{9CD6A403-F2BE-403E-8EDF-C788DD209523}.Debug|Any CPU.Build.0 = Debug|Any CPU
		{9CD6A403-F2BE-403E-8EDF-C788DD209523}.Release|Any CPU.ActiveCfg = Release|Any CPU
		{9CD6A403-F2BE-403E-8EDF-C788DD209523}.Release|Any CPU.Build.0 = Release|Any CPU
	EndGlobalSection
	GlobalSection(SolutionProperties) = preSolution
		HideSolutionNode = FALSE
	EndGlobalSection
	GlobalSection(ExtensibilityGlobals) = postSolution
		SolutionGuid = {2537783E-7E9C-445F-9560-6AC2D255BE98}
	EndGlobalSection
EndGlobal
